
Microsoft Visual Studio Solution File, Format Version 12.00
# Visual Studio Version 17
VisualStudioVersion = 17.2.32505.173
MinimumVisualStudioVersion = 10.0.40219.1
Project("{FAE04EC0-301F-11D3-BF4B-00C04F79EFBC}") = "EmptyCourseFinderAPI", "EmptyCourseFinderAPI\EmptyCourseFinderAPI.csproj", "{7FE2225D-3673-42BE-831C-065E7896FE88}"
EndProject
Global
	GlobalSection(SolutionConfigurationPlatforms) = preSolution
		Debug|Any CPU = Debug|Any CPU
		Release|Any CPU = Release|Any CPU
	EndGlobalSection
	GlobalSection(ProjectConfigurationPlatforms) = postSolution
		{7FE2225D-3673-42BE-831C-065E7896FE88}.Debug|Any CPU.ActiveCfg = Debug|Any CPU
		{7FE2225D-3673-42BE-831C-065E7896FE88}.Debug|Any CPU.Build.0 = Debug|Any CPU
		{7FE2225D-3673-42BE-831C-065E7896FE88}.Release|Any CPU.ActiveCfg = Release|Any CPU
		{7FE2225D-3673-42BE-831C-065E7896FE88}.Release|Any CPU.Build.0 = Release|Any CPU
	EndGlobalSection
	GlobalSection(SolutionProperties) = preSolution
		HideSolutionNode = FALSE
	EndGlobalSection
	GlobalSection(ExtensibilityGlobals) = postSolution
		SolutionGuid = {D3D3FF7C-A9DF-415C-AEC3-96E9A33762CB}
	EndGlobalSection
EndGlobal
